
Microsoft Visual Studio Solution File, Format Version 12.00
# Visual Studio Version 16
VisualStudioVersion = 16.0.31205.134
MinimumVisualStudioVersion = 10.0.40219.1
Project("{FAE04EC0-301F-11D3-BF4B-00C04F79EFBC}") = "SampleSource", "SampleDemo\SampleSource.csproj", "{B94E0C03-3383-4FED-B5C6-582922D3424D}"
EndProject
Global
	GlobalSection(SolutionConfigurationPlatforms) = preSolution
		Debug|Any CPU = Debug|Any CPU
		Release|Any CPU = Release|Any CPU
	EndGlobalSection
	GlobalSection(ProjectConfigurationPlatforms) = postSolution
		{B94E0C03-3383-4FED-B5C6-582922D3424D}.Debug|Any CPU.ActiveCfg = Debug|Any CPU
		{B94E0C03-3383-4FED-B5C6-582922D3424D}.Debug|Any CPU.Build.0 = Debug|Any CPU
		{B94E0C03-3383-4FED-B5C6-582922D3424D}.Release|Any CPU.ActiveCfg = Release|Any CPU
		{B94E0C03-3383-4FED-B5C6-582922D3424D}.Release|Any CPU.Build.0 = Release|Any CPU
	EndGlobalSection
	GlobalSection(SolutionProperties) = preSolution
		HideSolutionNode = FALSE
	EndGlobalSection
	GlobalSection(ExtensibilityGlobals) = postSolution
		SolutionGuid = {286B0E88-047A-438B-ADF1-A060207B1C6C}
	EndGlobalSection
EndGlobal
